{
  "name": "rsf",
  "version": "0.0.1",
  "lockfileVersion": 1,
  "requires": true,
  "dependencies": {
    "co": {
      "version": "4.6.0",
      "resolved": "http://registry.npm.taobao.org/co/download/co-4.6.0.tgz",
      "integrity": "sha1-bqa989hTrlTMuOR7+gvz+QMfsYQ="
    },
    "redux-center": {
      "version": "0.0.7",
      "resolved": "http://registry.npm.taobao.org/redux-center/download/redux-center-0.0.7.tgz",
      "integrity": "sha1-Hm+D6QW1eEpCv2FNrvOQebB71Tw=",
      "requires": {
        "co": "^4.6.0"
      }
    },
    "redux-mutation": {
      "version": "0.0.4",
      "resolved": "http://registry.npm.taobao.org/redux-mutation/download/redux-mutation-0.0.4.tgz",
      "integrity": "sha1-2GrBEA6qkYoXlhMcvvBYqqEqb8A=",
      "requires": {
        "redux-center": "0.0.7"
      }
    }
  }
}
